// !$*UTF8*$!
{
	archiveVersion = 1;
	classes = {
	};
	objectVersion = 56;
	objects = {

/* Begin PBXBuildFile section */
		4D3C1E232B32825A000B2234 /* MatchSecondView.swift in Sources */ = {isa = PBXBuildFile; fileRef = 4D3C1E222B32825A000B2234 /* MatchSecondView.swift */; };
		4D3C1E262B32B553000B2234 /* FindResultView.swift in Sources */ = {isa = PBXBuildFile; fileRef = 4D3C1E252B32B553000B2234 /* FindResultView.swift */; };
		4D3C1E292B32B5C3000B2234 /* FindResultCeil.swift in Sources */ = {isa = PBXBuildFile; fileRef = 4D3C1E282B32B5C3000B2234 /* FindResultCeil.swift */; };
		4D6565D42B30FC97009BA840 /* MatchFirst.swift in Sources */ = {isa = PBXBuildFile; fileRef = 4D6565D32B30FC97009BA840 /* MatchFirst.swift */; };
		4DD21FFC2B33BE020015311B /* MbtiModel.swift in Sources */ = {isa = PBXBuildFile; fileRef = 4DD21FFB2B33BE020015311B /* MbtiModel.swift */; };
		4DD21FFE2B33BF2E0015311B /* StringExt.swift in Sources */ = {isa = PBXBuildFile; fileRef = 4DD21FFD2B33BF2E0015311B /* StringExt.swift */; };
		4DD2BF892B2F116200A732CD /* MbtiLogoImage.swift in Sources */ = {isa = PBXBuildFile; fileRef = 4DD2BF882B2F116200A732CD /* MbtiLogoImage.swift */; };
		4DD2BF8C2B2F156B00A732CD /* MbtiButton.swift in Sources */ = {isa = PBXBuildFile; fileRef = 4DD2BF8B2B2F156B00A732CD /* MbtiButton.swift */; };
		4DD2BF8F2B2F15A600A732CD /* MbtiLogoType.swift in Sources */ = {isa = PBXBuildFile; fileRef = 4DD2BF8E2B2F15A600A732CD /* MbtiLogoType.swift */; };
		4DD2BF922B2F17DA00A732CD /* Shadow.swift in Sources */ = {isa = PBXBuildFile; fileRef = 4DD2BF912B2F17DA00A732CD /* Shadow.swift */; };
		4DD2BF952B2F1E7300A732CD /* NameCircle.swift in Sources */ = {isa = PBXBuildFile; fileRef = 4DD2BF942B2F1E7300A732CD /* NameCircle.swift */; };
		4DD2BF972B2F1EA700A732CD /* NameCircleType.swift in Sources */ = {isa = PBXBuildFile; fileRef = 4DD2BF962B2F1EA700A732CD /* NameCircleType.swift */; };
		4DD2BF9A2B2F212A00A732CD /* AddCircleButton.swift in Sources */ = {isa = PBXBuildFile; fileRef = 4DD2BF992B2F212A00A732CD /* AddCircleButton.swift */; };
		4DD2BF9D2B2F22CA00A732CD /* MbtiTextField.swift in Sources */ = {isa = PBXBuildFile; fileRef = 4DD2BF9C2B2F22CA00A732CD /* MbtiTextField.swift */; };
		4DD2BF9F2B2F26AD00A732CD /* MbtiTextFieldType.swift in Sources */ = {isa = PBXBuildFile; fileRef = 4DD2BF9E2B2F26AD00A732CD /* MbtiTextFieldType.swift */; };
		4DD2BFA22B2F2B9F00A732CD /* TestView.swift in Sources */ = {isa = PBXBuildFile; fileRef = 4DD2BFA12B2F2B9F00A732CD /* TestView.swift */; };
		4DD2BFA52B2F2C0200A732CD /* MbtiLogo.swift in Sources */ = {isa = PBXBuildFile; fileRef = 4DD2BFA42B2F2C0200A732CD /* MbtiLogo.swift */; };
		4DD2BFA82B2FB8CC00A732CD /* MbtiDropDown.swift in Sources */ = {isa = PBXBuildFile; fileRef = 4DD2BFA72B2FB8CC00A732CD /* MbtiDropDown.swift */; };
		4DD2BFAB2B2FB9DD00A732CD /* MbtiType.swift in Sources */ = {isa = PBXBuildFile; fileRef = 4DD2BFAA2B2FB9DD00A732CD /* MbtiType.swift */; };
		4DD2BFAE2B2FD01A00A732CD /* RoundedCorner.swift in Sources */ = {isa = PBXBuildFile; fileRef = 4DD2BFAD2B2FD01A00A732CD /* RoundedCorner.swift */; };
		4DD2BFB12B2FD03A00A732CD /* ViewExt.swift in Sources */ = {isa = PBXBuildFile; fileRef = 4DD2BFB02B2FD03A00A732CD /* ViewExt.swift */; };
		4DD2BFB32B2FD1A300A732CD /* MbtiDropDownType.swift in Sources */ = {isa = PBXBuildFile; fileRef = 4DD2BFB22B2FD1A300A732CD /* MbtiDropDownType.swift */; };
		4DD2BFB52B2FD65C00A732CD /* TabViewType.swift in Sources */ = {isa = PBXBuildFile; fileRef = 4DD2BFB42B2FD65C00A732CD /* TabViewType.swift */; };
		4DD2BFB82B2FD69F00A732CD /* FindView.swift in Sources */ = {isa = PBXBuildFile; fileRef = 4DD2BFB72B2FD69F00A732CD /* FindView.swift */; };
		4DD2BFBB2B2FD6BB00A732CD /* CheckView.swift in Sources */ = {isa = PBXBuildFile; fileRef = 4DD2BFBA2B2FD6BB00A732CD /* CheckView.swift */; };
		4DD2BFBE2B2FE3CB00A732CD /* LaunchScreenView.swift in Sources */ = {isa = PBXBuildFile; fileRef = 4DD2BFBD2B2FE3CB00A732CD /* LaunchScreenView.swift */; };
		4DF0D1EB2B2C0CCC0065387A /* mbtiApp.swift in Sources */ = {isa = PBXBuildFile; fileRef = 4DF0D1EA2B2C0CCC0065387A /* mbtiApp.swift */; };
		4DF0D1EF2B2C0CCD0065387A /* Assets.xcassets in Resources */ = {isa = PBXBuildFile; fileRef = 4DF0D1EE2B2C0CCD0065387A /* Assets.xcassets */; };
		4DF0D1F22B2C0CCD0065387A /* Preview Assets.xcassets in Resources */ = {isa = PBXBuildFile; fileRef = 4DF0D1F12B2C0CCD0065387A /* Preview Assets.xcassets */; };
		4DF0D2022B2C0E990065387A /* HomeView.swift in Sources */ = {isa = PBXBuildFile; fileRef = 4DF0D2012B2C0E990065387A /* HomeView.swift */; };
		4DF0D2042B2C0EA20065387A /* MatchView.swift in Sources */ = {isa = PBXBuildFile; fileRef = 4DF0D2032B2C0EA20065387A /* MatchView.swift */; };
		4DF0D2062B2C0EA60065387A /* ResultView.swift in Sources */ = {isa = PBXBuildFile; fileRef = 4DF0D2052B2C0EA60065387A /* ResultView.swift */; };
		4DF0D20B2B2C0F230065387A /* Color.swift in Sources */ = {isa = PBXBuildFile; fileRef = 4DF0D20A2B2C0F230065387A /* Color.swift */; };
		4DF0D22E2B2C32C00065387A /* GangwonEduAll-OTFLight.otf in Resources */ = {isa = PBXBuildFile; fileRef = 4DF0D2222B2C312D0065387A /* GangwonEduAll-OTFLight.otf */; };
		4DF0D2302B2C32C00065387A /* GangwonEduAll-OTFBold.otf in Resources */ = {isa = PBXBuildFile; fileRef = 4DF0D2262B2C312D0065387A /* GangwonEduAll-OTFBold.otf */; };
		4DF0D2332B2C33C20065387A /* Font.swift in Sources */ = {isa = PBXBuildFile; fileRef = 4DF0D2322B2C33C20065387A /* Font.swift */; };
/* End PBXBuildFile section */

/* Begin PBXFileReference section */
		4D3C1E222B32825A000B2234 /* MatchSecondView.swift */ = {isa = PBXFileReference; lastKnownFileType = sourcecode.swift; path = MatchSecondView.swift; sourceTree = "<group>"; };
		4D3C1E252B32B553000B2234 /* FindResultView.swift */ = {isa = PBXFileReference; lastKnownFileType = sourcecode.swift; path = FindResultView.swift; sourceTree = "<group>"; };
		4D3C1E282B32B5C3000B2234 /* FindResultCeil.swift */ = {isa = PBXFileReference; lastKnownFileType = sourcecode.swift; path = FindResultCeil.swift; sourceTree = "<group>"; };
		4D6565D32B30FC97009BA840 /* MatchFirst.swift */ = {isa = PBXFileReference; lastKnownFileType = sourcecode.swift; path = MatchFirst.swift; sourceTree = "<group>"; };
		4DD21FFB2B33BE020015311B /* MbtiModel.swift */ = {isa = PBXFileReference; lastKnownFileType = sourcecode.swift; path = MbtiModel.swift; sourceTree = "<group>"; };
		4DD21FFD2B33BF2E0015311B /* StringExt.swift */ = {isa = PBXFileReference; lastKnownFileType = sourcecode.swift; path = StringExt.swift; sourceTree = "<group>"; };
		4DD2BF882B2F116200A732CD /* MbtiLogoImage.swift */ = {isa = PBXFileReference; lastKnownFileType = sourcecode.swift; path = MbtiLogoImage.swift; sourceTree = "<group>"; };
		4DD2BF8B2B2F156B00A732CD /* MbtiButton.swift */ = {isa = PBXFileReference; lastKnownFileType = sourcecode.swift; path = MbtiButton.swift; sourceTree = "<group>"; };
		4DD2BF8E2B2F15A600A732CD /* MbtiLogoType.swift */ = {isa = PBXFileReference; lastKnownFileType = sourcecode.swift; path = MbtiLogoType.swift; sourceTree = "<group>"; };
		4DD2BF912B2F17DA00A732CD /* Shadow.swift */ = {isa = PBXFileReference; lastKnownFileType = sourcecode.swift; path = Shadow.swift; sourceTree = "<group>"; };
		4DD2BF942B2F1E7300A732CD /* NameCircle.swift */ = {isa = PBXFileReference; lastKnownFileType = sourcecode.swift; path = NameCircle.swift; sourceTree = "<group>"; };
		4DD2BF962B2F1EA700A732CD /* NameCircleType.swift */ = {isa = PBXFileReference; lastKnownFileType = sourcecode.swift; path = NameCircleType.swift; sourceTree = "<group>"; };
		4DD2BF992B2F212A00A732CD /* AddCircleButton.swift */ = {isa = PBXFileReference; lastKnownFileType = sourcecode.swift; path = AddCircleButton.swift; sourceTree = "<group>"; };
		4DD2BF9C2B2F22CA00A732CD /* MbtiTextField.swift */ = {isa = PBXFileReference; lastKnownFileType = sourcecode.swift; path = MbtiTextField.swift; sourceTree = "<group>"; };
		4DD2BF9E2B2F26AD00A732CD /* MbtiTextFieldType.swift */ = {isa = PBXFileReference; lastKnownFileType = sourcecode.swift; path = MbtiTextFieldType.swift; sourceTree = "<group>"; };
		4DD2BFA12B2F2B9F00A732CD /* TestView.swift */ = {isa = PBXFileReference; lastKnownFileType = sourcecode.swift; path = TestView.swift; sourceTree = "<group>"; };
		4DD2BFA42B2F2C0200A732CD /* MbtiLogo.swift */ = {isa = PBXFileReference; lastKnownFileType = sourcecode.swift; path = MbtiLogo.swift; sourceTree = "<group>"; };
		4DD2BFA72B2FB8CC00A732CD /* MbtiDropDown.swift */ = {isa = PBXFileReference; lastKnownFileType = sourcecode.swift; path = MbtiDropDown.swift; sourceTree = "<group>"; };
		4DD2BFAA2B2FB9DD00A732CD /* MbtiType.swift */ = {isa = PBXFileReference; lastKnownFileType = sourcecode.swift; path = MbtiType.swift; sourceTree = "<group>"; };
		4DD2BFAD2B2FD01A00A732CD /* RoundedCorner.swift */ = {isa = PBXFileReference; lastKnownFileType = sourcecode.swift; path = RoundedCorner.swift; sourceTree = "<group>"; };
		4DD2BFB02B2FD03A00A732CD /* ViewExt.swift */ = {isa = PBXFileReference; lastKnownFileType = sourcecode.swift; path = ViewExt.swift; sourceTree = "<group>"; };
		4DD2BFB22B2FD1A300A732CD /* MbtiDropDownType.swift */ = {isa = PBXFileReference; lastKnownFileType = sourcecode.swift; path = MbtiDropDownType.swift; sourceTree = "<group>"; };
		4DD2BFB42B2FD65C00A732CD /* TabViewType.swift */ = {isa = PBXFileReference; lastKnownFileType = sourcecode.swift; path = TabViewType.swift; sourceTree = "<group>"; };
		4DD2BFB72B2FD69F00A732CD /* FindView.swift */ = {isa = PBXFileReference; lastKnownFileType = sourcecode.swift; path = FindView.swift; sourceTree = "<group>"; };
		4DD2BFBA2B2FD6BB00A732CD /* CheckView.swift */ = {isa = PBXFileReference; lastKnownFileType = sourcecode.swift; path = CheckView.swift; sourceTree = "<group>"; };
		4DD2BFBD2B2FE3CB00A732CD /* LaunchScreenView.swift */ = {isa = PBXFileReference; lastKnownFileType = sourcecode.swift; path = LaunchScreenView.swift; sourceTree = "<group>"; };
		4DF0D1E72B2C0CCC0065387A /* mbti.app */ = {isa = PBXFileReference; explicitFileType = wrapper.application; includeInIndex = 0; path = mbti.app; sourceTree = BUILT_PRODUCTS_DIR; };
		4DF0D1EA2B2C0CCC0065387A /* mbtiApp.swift */ = {isa = PBXFileReference; lastKnownFileType = sourcecode.swift; path = mbtiApp.swift; sourceTree = "<group>"; };
		4DF0D1EE2B2C0CCD0065387A /* Assets.xcassets */ = {isa = PBXFileReference; lastKnownFileType = folder.assetcatalog; path = Assets.xcassets; sourceTree = "<group>"; };
		4DF0D1F12B2C0CCD0065387A /* Preview Assets.xcassets */ = {isa = PBXFileReference; lastKnownFileType = folder.assetcatalog; path = "Preview Assets.xcassets"; sourceTree = "<group>"; };
		4DF0D2012B2C0E990065387A /* HomeView.swift */ = {isa = PBXFileReference; lastKnownFileType = sourcecode.swift; path = HomeView.swift; sourceTree = "<group>"; };
		4DF0D2032B2C0EA20065387A /* MatchView.swift */ = {isa = PBXFileReference; lastKnownFileType = sourcecode.swift; path = MatchView.swift; sourceTree = "<group>"; };
		4DF0D2052B2C0EA60065387A /* ResultView.swift */ = {isa = PBXFileReference; lastKnownFileType = sourcecode.swift; path = ResultView.swift; sourceTree = "<group>"; };
		4DF0D20A2B2C0F230065387A /* Color.swift */ = {isa = PBXFileReference; lastKnownFileType = sourcecode.swift; path = Color.swift; sourceTree = "<group>"; };
		4DF0D2222B2C312D0065387A /* GangwonEduAll-OTFLight.otf */ = {isa = PBXFileReference; lastKnownFileType = file; path = "GangwonEduAll-OTFLight.otf"; sourceTree = "<group>"; };
		4DF0D2262B2C312D0065387A /* GangwonEduAll-OTFBold.otf */ = {isa = PBXFileReference; lastKnownFileType = file; path = "GangwonEduAll-OTFBold.otf"; sourceTree = "<group>"; };
		4DF0D2322B2C33C20065387A /* Font.swift */ = {isa = PBXFileReference; lastKnownFileType = sourcecode.swift; path = Font.swift; sourceTree = "<group>"; };
/* End PBXFileReference section */

/* Begin PBXFrameworksBuildPhase section */
		4DF0D1E42B2C0CCC0065387A /* Frameworks */ = {
			isa = PBXFrameworksBuildPhase;
			buildActionMask = 2147483647;
			files = (
			);
			runOnlyForDeploymentPostprocessing = 0;
		};
/* End PBXFrameworksBuildPhase section */

/* Begin PBXGroup section */
		4D3C1E212B32824D000B2234 /* MatchSecond */ = {
			isa = PBXGroup;
			children = (
				4D3C1E222B32825A000B2234 /* MatchSecondView.swift */,
			);
			path = MatchSecond;
			sourceTree = "<group>";
		};
		4D3C1E242B32B547000B2234 /* FindResult */ = {
			isa = PBXGroup;
			children = (
				4D3C1E272B32B5B9000B2234 /* Component */,
				4D3C1E252B32B553000B2234 /* FindResultView.swift */,
			);
			path = FindResult;
			sourceTree = "<group>";
		};
		4D3C1E272B32B5B9000B2234 /* Component */ = {
			isa = PBXGroup;
			children = (
				4D3C1E282B32B5C3000B2234 /* FindResultCeil.swift */,
			);
			path = Component;
			sourceTree = "<group>";
		};
		4D6565D22B30FC8D009BA840 /* MatchFirst */ = {
			isa = PBXGroup;
			children = (
				4D6565D32B30FC97009BA840 /* MatchFirst.swift */,
			);
			path = MatchFirst;
			sourceTree = "<group>";
		};
		4DD21FFA2B33BDEB0015311B /* DTO */ = {
			isa = PBXGroup;
			children = (
				4DD21FFB2B33BE020015311B /* MbtiModel.swift */,
			);
			path = DTO;
			sourceTree = "<group>";
		};
		4DD2BF872B2F115A00A732CD /* Image */ = {
			isa = PBXGroup;
			children = (
				4DD2BF8D2B2F159C00A732CD /* MbtiLogo */,
			);
			path = Image;
			sourceTree = "<group>";
		};
		4DD2BF8A2B2F156600A732CD /* Button */ = {
			isa = PBXGroup;
			children = (
				4DD2BF992B2F212A00A732CD /* AddCircleButton.swift */,
				4DD2BF8B2B2F156B00A732CD /* MbtiButton.swift */,
			);
			path = Button;
			sourceTree = "<group>";
		};
		4DD2BF8D2B2F159C00A732CD /* MbtiLogo */ = {
			isa = PBXGroup;
			children = (
				4DD2BF882B2F116200A732CD /* MbtiLogoImage.swift */,
				4DD2BF8E2B2F15A600A732CD /* MbtiLogoType.swift */,
			);
			path = MbtiLogo;
			sourceTree = "<group>";
		};
		4DD2BF902B2F17D400A732CD /* Shadow */ = {
			isa = PBXGroup;
			children = (
				4DD2BF912B2F17DA00A732CD /* Shadow.swift */,
			);
			path = Shadow;
			sourceTree = "<group>";
		};
		4DD2BF932B2F1DB000A732CD /* NameCircle */ = {
			isa = PBXGroup;
			children = (
				4DD2BF942B2F1E7300A732CD /* NameCircle.swift */,
				4DD2BF962B2F1EA700A732CD /* NameCircleType.swift */,
			);
			path = NameCircle;
			sourceTree = "<group>";
		};
		4DD2BF9B2B2F22C200A732CD /* TextField */ = {
			isa = PBXGroup;
			children = (
				4DD2BF9C2B2F22CA00A732CD /* MbtiTextField.swift */,
				4DD2BF9E2B2F26AD00A732CD /* MbtiTextFieldType.swift */,
			);
			path = TextField;
			sourceTree = "<group>";
		};
		4DD2BFA02B2F2B9600A732CD /* Test */ = {
			isa = PBXGroup;
			children = (
				4DD2BFA12B2F2B9F00A732CD /* TestView.swift */,
			);
			path = Test;
			sourceTree = "<group>";
		};
		4DD2BFA32B2F2BF900A732CD /* Logo */ = {
			isa = PBXGroup;
			children = (
				4DD2BFA42B2F2C0200A732CD /* MbtiLogo.swift */,
			);
			path = Logo;
			sourceTree = "<group>";
		};
		4DD2BFA62B2FB8C200A732CD /* DropDown */ = {
			isa = PBXGroup;
			children = (
				4DD2BFA72B2FB8CC00A732CD /* MbtiDropDown.swift */,
				4DD2BFB22B2FD1A300A732CD /* MbtiDropDownType.swift */,
			);
			path = DropDown;
			sourceTree = "<group>";
		};
		4DD2BFA92B2FB9CF00A732CD /* Util */ = {
			isa = PBXGroup;
			children = (
				4DD2BFAA2B2FB9DD00A732CD /* MbtiType.swift */,
				4DD2BFB42B2FD65C00A732CD /* TabViewType.swift */,
			);
			path = Util;
			sourceTree = "<group>";
		};
		4DD2BFAC2B2FD01100A732CD /* Shape */ = {
			isa = PBXGroup;
			children = (
				4DD2BFAD2B2FD01A00A732CD /* RoundedCorner.swift */,
			);
			path = Shape;
			sourceTree = "<group>";
		};
		4DD2BFAF2B2FD03300A732CD /* Extension */ = {
			isa = PBXGroup;
			children = (
				4DD2BFB02B2FD03A00A732CD /* ViewExt.swift */,
				4DD21FFD2B33BF2E0015311B /* StringExt.swift */,
			);
			path = Extension;
			sourceTree = "<group>";
		};
		4DD2BFB62B2FD68F00A732CD /* Find */ = {
			isa = PBXGroup;
			children = (
				4DD2BFB72B2FD69F00A732CD /* FindView.swift */,
			);
			path = Find;
			sourceTree = "<group>";
		};
		4DD2BFB92B2FD6B400A732CD /* Check */ = {
			isa = PBXGroup;
			children = (
				4DD2BFBA2B2FD6BB00A732CD /* CheckView.swift */,
			);
			path = Check;
			sourceTree = "<group>";
		};
		4DD2BFBC2B2FE3C500A732CD /* LaunchScreen */ = {
			isa = PBXGroup;
			children = (
				4DD2BFBD2B2FE3CB00A732CD /* LaunchScreenView.swift */,
			);
			path = LaunchScreen;
			sourceTree = "<group>";
		};
		4DD2BFBF2B2FE44E00A732CD /* Home */ = {
			isa = PBXGroup;
			children = (
				4DF0D2012B2C0E990065387A /* HomeView.swift */,
			);
			path = Home;
			sourceTree = "<group>";
		};
		4DF0D1DE2B2C0CCC0065387A = {
			isa = PBXGroup;
			children = (
				4DF0D1E92B2C0CCC0065387A /* mbti */,
				4DF0D1E82B2C0CCC0065387A /* Products */,
			);
			sourceTree = "<group>";
		};
		4DF0D1E82B2C0CCC0065387A /* Products */ = {
			isa = PBXGroup;
			children = (
				4DF0D1E72B2C0CCC0065387A /* mbti.app */,
			);
			name = Products;
			sourceTree = "<group>";
		};
		4DF0D1E92B2C0CCC0065387A /* mbti */ = {
			isa = PBXGroup;
			children = (
				4DF0D1F82B2C0CED0065387A /* Source */,
				4DF0D20C2B2C15230065387A /* Fonts */,
				4DF0D1EE2B2C0CCD0065387A /* Assets.xcassets */,
				4DF0D1F02B2C0CCD0065387A /* Preview Content */,
			);
			path = mbti;
			sourceTree = "<group>";
		};
		4DF0D1F02B2C0CCD0065387A /* Preview Content */ = {
			isa = PBXGroup;
			children = (
				4DF0D1F12B2C0CCD0065387A /* Preview Assets.xcassets */,
			);
			path = "Preview Content";
			sourceTree = "<group>";
		};
		4DF0D1F82B2C0CED0065387A /* Source */ = {
			isa = PBXGroup;
			children = (
				4DF0D1FB2B2C0D3F0065387A /* Application */,
				4DF0D1FF2B2C0E660065387A /* Component */,
				4DF0D1F92B2C0D0C0065387A /* Feature */,
				4DD21FFA2B33BDEB0015311B /* DTO */,
				4DD2BFAF2B2FD03300A732CD /* Extension */,
				4DD2BFA92B2FB9CF00A732CD /* Util */,
				4DF0D2072B2C0EBF0065387A /* Local */,
				4DF0D1FA2B2C0D140065387A /* Service */,
			);
			path = Source;
			sourceTree = "<group>";
		};
		4DF0D1F92B2C0D0C0065387A /* Feature */ = {
			isa = PBXGroup;
			children = (
				4DD2BFBF2B2FE44E00A732CD /* Home */,
				4DD2BFBC2B2FE3C500A732CD /* LaunchScreen */,
				4DD2BFA02B2F2B9600A732CD /* Test */,
				4DF0D1FD2B2C0DD70065387A /* Match */,
				4D6565D22B30FC8D009BA840 /* MatchFirst */,
				4D3C1E212B32824D000B2234 /* MatchSecond */,
				4DD2BFB62B2FD68F00A732CD /* Find */,
				4D3C1E242B32B547000B2234 /* FindResult */,
				4DD2BFB92B2FD6B400A732CD /* Check */,
				4DF0D1FE2B2C0DEE0065387A /* Result */,
			);
			path = Feature;
			sourceTree = "<group>";
		};
		4DF0D1FA2B2C0D140065387A /* Service */ = {
			isa = PBXGroup;
			children = (
			);
			path = Service;
			sourceTree = "<group>";
		};
		4DF0D1FB2B2C0D3F0065387A /* Application */ = {
			isa = PBXGroup;
			children = (
				4DF0D1EA2B2C0CCC0065387A /* mbtiApp.swift */,
			);
			path = Application;
			sourceTree = "<group>";
		};
		4DF0D1FD2B2C0DD70065387A /* Match */ = {
			isa = PBXGroup;
			children = (
				4DF0D2032B2C0EA20065387A /* MatchView.swift */,
			);
			path = Match;
			sourceTree = "<group>";
		};
		4DF0D1FE2B2C0DEE0065387A /* Result */ = {
			isa = PBXGroup;
			children = (
				4DF0D2052B2C0EA60065387A /* ResultView.swift */,
			);
			path = Result;
			sourceTree = "<group>";
		};
		4DF0D1FF2B2C0E660065387A /* Component */ = {
			isa = PBXGroup;
			children = (
				4DD2BFAC2B2FD01100A732CD /* Shape */,
				4DD2BFA62B2FB8C200A732CD /* DropDown */,
				4DD2BFA32B2F2BF900A732CD /* Logo */,
				4DD2BF9B2B2F22C200A732CD /* TextField */,
				4DD2BF932B2F1DB000A732CD /* NameCircle */,
				4DD2BF902B2F17D400A732CD /* Shadow */,
				4DD2BF8A2B2F156600A732CD /* Button */,
				4DD2BF872B2F115A00A732CD /* Image */,
				4DF0D2312B2C33BF0065387A /* Text */,
				4DF0D2092B2C0F190065387A /* Theme */,
			);
			path = Component;
			sourceTree = "<group>";
		};
		4DF0D2072B2C0EBF0065387A /* Local */ = {
			isa = PBXGroup;
			children = (
			);
			path = Local;
			sourceTree = "<group>";
		};
		4DF0D2092B2C0F190065387A /* Theme */ = {
			isa = PBXGroup;
			children = (
				4DF0D20A2B2C0F230065387A /* Color.swift */,
			);
			path = Theme;
			sourceTree = "<group>";
		};
		4DF0D20C2B2C15230065387A /* Fonts */ = {
			isa = PBXGroup;
			children = (
				4DF0D2262B2C312D0065387A /* GangwonEduAll-OTFBold.otf */,
				4DF0D2222B2C312D0065387A /* GangwonEduAll-OTFLight.otf */,
			);
			path = Fonts;
			sourceTree = "<group>";
		};
		4DF0D2312B2C33BF0065387A /* Text */ = {
			isa = PBXGroup;
			children = (
				4DF0D2322B2C33C20065387A /* Font.swift */,
			);
			path = Text;
			sourceTree = "<group>";
		};
/* End PBXGroup section */

/* Begin PBXNativeTarget section */
		4DF0D1E62B2C0CCC0065387A /* mbti */ = {
			isa = PBXNativeTarget;
			buildConfigurationList = 4DF0D1F52B2C0CCD0065387A /* Build configuration list for PBXNativeTarget "mbti" */;
			buildPhases = (
				4DF0D1E32B2C0CCC0065387A /* Sources */,
				4DF0D1E42B2C0CCC0065387A /* Frameworks */,
				4DF0D1E52B2C0CCC0065387A /* Resources */,
			);
			buildRules = (
			);
			dependencies = (
			);
			name = mbti;
			productName = mbti;
			productReference = 4DF0D1E72B2C0CCC0065387A /* mbti.app */;
			productType = "com.apple.product-type.application";
		};
/* End PBXNativeTarget section */

/* Begin PBXProject section */
		4DF0D1DF2B2C0CCC0065387A /* Project object */ = {
			isa = PBXProject;
			attributes = {
				BuildIndependentTargetsInParallel = 1;
				LastSwiftUpdateCheck = 1500;
				LastUpgradeCheck = 1500;
				TargetAttributes = {
					4DF0D1E62B2C0CCC0065387A = {
						CreatedOnToolsVersion = 15.0.1;
					};
				};
			};
			buildConfigurationList = 4DF0D1E22B2C0CCC0065387A /* Build configuration list for PBXProject "mbti" */;
			compatibilityVersion = "Xcode 14.0";
			developmentRegion = en;
			hasScannedForEncodings = 0;
			knownRegions = (
				en,
				Base,
			);
			mainGroup = 4DF0D1DE2B2C0CCC0065387A;
			productRefGroup = 4DF0D1E82B2C0CCC0065387A /* Products */;
			projectDirPath = "";
			projectRoot = "";
			targets = (
				4DF0D1E62B2C0CCC0065387A /* mbti */,
			);
		};
/* End PBXProject section */

/* Begin PBXResourcesBuildPhase section */
		4DF0D1E52B2C0CCC0065387A /* Resources */ = {
			isa = PBXResourcesBuildPhase;
			buildActionMask = 2147483647;
			files = (
				4DF0D1F22B2C0CCD0065387A /* Preview Assets.xcassets in Resources */,
				4DF0D22E2B2C32C00065387A /* GangwonEduAll-OTFLight.otf in Resources */,
				4DF0D1EF2B2C0CCD0065387A /* Assets.xcassets in Resources */,
				4DF0D2302B2C32C00065387A /* GangwonEduAll-OTFBold.otf in Resources */,
			);
			runOnlyForDeploymentPostprocessing = 0;
		};
/* End PBXResourcesBuildPhase section */

/* Begin PBXSourcesBuildPhase section */
		4DF0D1E32B2C0CCC0065387A /* Sources */ = {
			isa = PBXSourcesBuildPhase;
			buildActionMask = 2147483647;
			files = (
				4D3C1E262B32B553000B2234 /* FindResultView.swift in Sources */,
				4DF0D2022B2C0E990065387A /* HomeView.swift in Sources */,
				4DD2BF892B2F116200A732CD /* MbtiLogoImage.swift in Sources */,
				4DD2BF8F2B2F15A600A732CD /* MbtiLogoType.swift in Sources */,
				4DD2BFB12B2FD03A00A732CD /* ViewExt.swift in Sources */,
				4DD2BFA52B2F2C0200A732CD /* MbtiLogo.swift in Sources */,
				4DF0D2062B2C0EA60065387A /* ResultView.swift in Sources */,
				4DF0D2332B2C33C20065387A /* Font.swift in Sources */,
				4DD2BFB52B2FD65C00A732CD /* TabViewType.swift in Sources */,
				4DD2BFAB2B2FB9DD00A732CD /* MbtiType.swift in Sources */,
				4DF0D2042B2C0EA20065387A /* MatchView.swift in Sources */,
				4DD2BFBB2B2FD6BB00A732CD /* CheckView.swift in Sources */,
				4DD21FFC2B33BE020015311B /* MbtiModel.swift in Sources */,
				4DF0D1EB2B2C0CCC0065387A /* mbtiApp.swift in Sources */,
				4DD21FFE2B33BF2E0015311B /* StringExt.swift in Sources */,
				4DD2BFA22B2F2B9F00A732CD /* TestView.swift in Sources */,
				4D6565D42B30FC97009BA840 /* MatchFirst.swift in Sources */,
				4DD2BF8C2B2F156B00A732CD /* MbtiButton.swift in Sources */,
				4DD2BF9F2B2F26AD00A732CD /* MbtiTextFieldType.swift in Sources */,
				4DD2BFB82B2FD69F00A732CD /* FindView.swift in Sources */,
				4DD2BF922B2F17DA00A732CD /* Shadow.swift in Sources */,
				4DD2BFAE2B2FD01A00A732CD /* RoundedCorner.swift in Sources */,
				4D3C1E292B32B5C3000B2234 /* FindResultCeil.swift in Sources */,
				4DD2BF952B2F1E7300A732CD /* NameCircle.swift in Sources */,
				4D3C1E232B32825A000B2234 /* MatchSecondView.swift in Sources */,
				4DD2BFB32B2FD1A300A732CD /* MbtiDropDownType.swift in Sources */,
				4DD2BFA82B2FB8CC00A732CD /* MbtiDropDown.swift in Sources */,
				4DD2BF9D2B2F22CA00A732CD /* MbtiTextField.swift in Sources */,
				4DF0D20B2B2C0F230065387A /* Color.swift in Sources */,
				4DD2BF972B2F1EA700A732CD /* NameCircleType.swift in Sources */,
				4DD2BFBE2B2FE3CB00A732CD /* LaunchScreenView.swift in Sources */,
				4DD2BF9A2B2F212A00A732CD /* AddCircleButton.swift in Sources */,
			);
			runOnlyForDeploymentPostprocessing = 0;
		};
/* End PBXSourcesBuildPhase section */

/* Begin XCBuildConfiguration section */
		4DF0D1F32B2C0CCD0065387A /* Debug */ = {
			isa = XCBuildConfiguration;
			buildSettings = {
				ALWAYS_SEARCH_USER_PATHS = NO;
				ASSETCATALOG_COMPILER_GENERATE_SWIFT_ASSET_SYMBOL_EXTENSIONS = YES;
				CLANG_ANALYZER_NONNULL = YES;
				CLANG_ANALYZER_NUMBER_OBJECT_CONVERSION = YES_AGGRESSIVE;
				CLANG_CXX_LANGUAGE_STANDARD = "gnu++20";
				CLANG_ENABLE_MODULES = YES;
				CLANG_ENABLE_OBJC_ARC = YES;
				CLANG_ENABLE_OBJC_WEAK = YES;
				CLANG_WARN_BLOCK_CAPTURE_AUTORELEASING = YES;
				CLANG_WARN_BOOL_CONVERSION = YES;
				CLANG_WARN_COMMA = YES;
				CLANG_WARN_CONSTANT_CONVERSION = YES;
				CLANG_WARN_DEPRECATED_OBJC_IMPLEMENTATIONS = YES;
				CLANG_WARN_DIRECT_OBJC_ISA_USAGE = YES_ERROR;
				CLANG_WARN_DOCUMENTATION_COMMENTS = YES;
				CLANG_WARN_EMPTY_BODY = YES;
				CLANG_WARN_ENUM_CONVERSION = YES;
				CLANG_WARN_INFINITE_RECURSION = YES;
				CLANG_WARN_INT_CONVERSION = YES;
				CLANG_WARN_NON_LITERAL_NULL_CONVERSION = YES;
				CLANG_WARN_OBJC_IMPLICIT_RETAIN_SELF = YES;
				CLANG_WARN_OBJC_LITERAL_CONVERSION = YES;
				CLANG_WARN_OBJC_ROOT_CLASS = YES_ERROR;
				CLANG_WARN_QUOTED_INCLUDE_IN_FRAMEWORK_HEADER = YES;
				CLANG_WARN_RANGE_LOOP_ANALYSIS = YES;
				CLANG_WARN_STRICT_PROTOTYPES = YES;
				CLANG_WARN_SUSPICIOUS_MOVE = YES;
				CLANG_WARN_UNGUARDED_AVAILABILITY = YES_AGGRESSIVE;
				CLANG_WARN_UNREACHABLE_CODE = YES;
				CLANG_WARN__DUPLICATE_METHOD_MATCH = YES;
				COPY_PHASE_STRIP = NO;
				DEBUG_INFORMATION_FORMAT = dwarf;
				ENABLE_STRICT_OBJC_MSGSEND = YES;
				ENABLE_TESTABILITY = YES;
				ENABLE_USER_SCRIPT_SANDBOXING = YES;
				GCC_C_LANGUAGE_STANDARD = gnu17;
				GCC_DYNAMIC_NO_PIC = NO;
				GCC_NO_COMMON_BLOCKS = YES;
				GCC_OPTIMIZATION_LEVEL = 0;
				GCC_PREPROCESSOR_DEFINITIONS = (
					"DEBUG=1",
					"$(inherited)",
				);
				GCC_WARN_64_TO_32_BIT_CONVERSION = YES;
				GCC_WARN_ABOUT_RETURN_TYPE = YES_ERROR;
				GCC_WARN_UNDECLARED_SELECTOR = YES;
				GCC_WARN_UNINITIALIZED_AUTOS = YES_AGGRESSIVE;
				GCC_WARN_UNUSED_FUNCTION = YES;
				GCC_WARN_UNUSED_VARIABLE = YES;
				IPHONEOS_DEPLOYMENT_TARGET = 17.0;
				LOCALIZATION_PREFERS_STRING_CATALOGS = YES;
				MTL_ENABLE_DEBUG_INFO = INCLUDE_SOURCE;
				MTL_FAST_MATH = YES;
				ONLY_ACTIVE_ARCH = YES;
				SDKROOT = iphoneos;
				SWIFT_ACTIVE_COMPILATION_CONDITIONS = "DEBUG $(inherited)";
				SWIFT_OPTIMIZATION_LEVEL = "-Onone";
			};
			name = Debug;
		};
		4DF0D1F42B2C0CCD0065387A /* Release */ = {
			isa = XCBuildConfiguration;
			buildSettings = {
				ALWAYS_SEARCH_USER_PATHS = NO;
				ASSETCATALOG_COMPILER_GENERATE_SWIFT_ASSET_SYMBOL_EXTENSIONS = YES;
				CLANG_ANALYZER_NONNULL = YES;
				CLANG_ANALYZER_NUMBER_OBJECT_CONVERSION = YES_AGGRESSIVE;
				CLANG_CXX_LANGUAGE_STANDARD = "gnu++20";
				CLANG_ENABLE_MODULES = YES;
				CLANG_ENABLE_OBJC_ARC = YES;
				CLANG_ENABLE_OBJC_WEAK = YES;
				CLANG_WARN_BLOCK_CAPTURE_AUTORELEASING = YES;
				CLANG_WARN_BOOL_CONVERSION = YES;
				CLANG_WARN_COMMA = YES;
				CLANG_WARN_CONSTANT_CONVERSION = YES;
				CLANG_WARN_DEPRECATED_OBJC_IMPLEMENTATIONS = YES;
				CLANG_WARN_DIRECT_OBJC_ISA_USAGE = YES_ERROR;
				CLANG_WARN_DOCUMENTATION_COMMENTS = YES;
				CLANG_WARN_EMPTY_BODY = YES;
				CLANG_WARN_ENUM_CONVERSION = YES;
				CLANG_WARN_INFINITE_RECURSION = YES;
				CLANG_WARN_INT_CONVERSION = YES;
				CLANG_WARN_NON_LITERAL_NULL_CONVERSION = YES;
				CLANG_WARN_OBJC_IMPLICIT_RETAIN_SELF = YES;
				CLANG_WARN_OBJC_LITERAL_CONVERSION = YES;
				CLANG_WARN_OBJC_ROOT_CLASS = YES_ERROR;
				CLANG_WARN_QUOTED_INCLUDE_IN_FRAMEWORK_HEADER = YES;
				CLANG_WARN_RANGE_LOOP_ANALYSIS = YES;
				CLANG_WARN_STRICT_PROTOTYPES = YES;
				CLANG_WARN_SUSPICIOUS_MOVE = YES;
				CLANG_WARN_UNGUARDED_AVAILABILITY = YES_AGGRESSIVE;
				CLANG_WARN_UNREACHABLE_CODE = YES;
				CLANG_WARN__DUPLICATE_METHOD_MATCH = YES;
				COPY_PHASE_STRIP = NO;
				DEBUG_INFORMATION_FORMAT = "dwarf-with-dsym";
				ENABLE_NS_ASSERTIONS = NO;
				ENABLE_STRICT_OBJC_MSGSEND = YES;
				ENABLE_USER_SCRIPT_SANDBOXING = YES;
				GCC_C_LANGUAGE_STANDARD = gnu17;
				GCC_NO_COMMON_BLOCKS = YES;
				GCC_WARN_64_TO_32_BIT_CONVERSION = YES;
				GCC_WARN_ABOUT_RETURN_TYPE = YES_ERROR;
				GCC_WARN_UNDECLARED_SELECTOR = YES;
				GCC_WARN_UNINITIALIZED_AUTOS = YES_AGGRESSIVE;
				GCC_WARN_UNUSED_FUNCTION = YES;
				GCC_WARN_UNUSED_VARIABLE = YES;
				IPHONEOS_DEPLOYMENT_TARGET = 17.0;
				LOCALIZATION_PREFERS_STRING_CATALOGS = YES;
				MTL_ENABLE_DEBUG_INFO = NO;
				MTL_FAST_MATH = YES;
				SDKROOT = iphoneos;
				SWIFT_COMPILATION_MODE = wholemodule;
				VALIDATE_PRODUCT = YES;
			};
			name = Release;
		};
		4DF0D1F62B2C0CCD0065387A /* Debug */ = {
			isa = XCBuildConfiguration;
			buildSettings = {
				ASSETCATALOG_COMPILER_APPICON_NAME = AppIcon;
				ASSETCATALOG_COMPILER_GLOBAL_ACCENT_COLOR_NAME = AccentColor;
				CODE_SIGN_STYLE = Automatic;
				CURRENT_PROJECT_VERSION = 1;
				DEVELOPMENT_ASSET_PATHS = "\"mbti/Preview Content\"";
				ENABLE_PREVIEWS = YES;
				GENERATE_INFOPLIST_FILE = YES;
				INFOPLIST_FILE = mbti/Info.plist;
				INFOPLIST_KEY_UIApplicationSceneManifest_Generation = YES;
				INFOPLIST_KEY_UIApplicationSupportsIndirectInputEvents = YES;
				INFOPLIST_KEY_UILaunchScreen_Generation = YES;
				INFOPLIST_KEY_UISupportedInterfaceOrientations_iPad = "UIInterfaceOrientationPortrait UIInterfaceOrientationPortraitUpsideDown UIInterfaceOrientationLandscapeLeft UIInterfaceOrientationLandscapeRight";
				INFOPLIST_KEY_UISupportedInterfaceOrientations_iPhone = "UIInterfaceOrientationPortrait UIInterfaceOrientationLandscapeLeft UIInterfaceOrientationLandscapeRight";
				LD_RUNPATH_SEARCH_PATHS = (
					"$(inherited)",
					"@executable_path/Frameworks",
				);
				MARKETING_VERSION = 1.0;
				PRODUCT_BUNDLE_IDENTIFIER = com.yangchangbeom.mbti;
				PRODUCT_NAME = "$(TARGET_NAME)";
				SWIFT_EMIT_LOC_STRINGS = YES;
				SWIFT_VERSION = 5.0;
				TARGETED_DEVICE_FAMILY = "1,2";
			};
			name = Debug;
		};
		4DF0D1F72B2C0CCD0065387A /* Release */ = {
			isa = XCBuildConfiguration;
			buildSettings = {
				ASSETCATALOG_COMPILER_APPICON_NAME = AppIcon;
				ASSETCATALOG_COMPILER_GLOBAL_ACCENT_COLOR_NAME = AccentColor;
				CODE_SIGN_STYLE = Automatic;
				CURRENT_PROJECT_VERSION = 1;
				DEVELOPMENT_ASSET_PATHS = "\"mbti/Preview Content\"";
				ENABLE_PREVIEWS = YES;
				GENERATE_INFOPLIST_FILE = YES;
				INFOPLIST_FILE = mbti/Info.plist;
				INFOPLIST_KEY_UIApplicationSceneManifest_Generation = YES;
				INFOPLIST_KEY_UIApplicationSupportsIndirectInputEvents = YES;
				INFOPLIST_KEY_UILaunchScreen_Generation = YES;
				INFOPLIST_KEY_UISupportedInterfaceOrientations_iPad = "UIInterfaceOrientationPortrait UIInterfaceOrientationPortraitUpsideDown UIInterfaceOrientationLandscapeLeft UIInterfaceOrientationLandscapeRight";
				INFOPLIST_KEY_UISupportedInterfaceOrientations_iPhone = "UIInterfaceOrientationPortrait UIInterfaceOrientationLandscapeLeft UIInterfaceOrientationLandscapeRight";
				LD_RUNPATH_SEARCH_PATHS = (
					"$(inherited)",
					"@executable_path/Frameworks",
				);
				MARKETING_VERSION = 1.0;
				PRODUCT_BUNDLE_IDENTIFIER = com.yangchangbeom.mbti;
				PRODUCT_NAME = "$(TARGET_NAME)";
				SWIFT_EMIT_LOC_STRINGS = YES;
				SWIFT_VERSION = 5.0;
				TARGETED_DEVICE_FAMILY = "1,2";
			};
			name = Release;
		};
/* End XCBuildConfiguration section */

/* Begin XCConfigurationList section */
		4DF0D1E22B2C0CCC0065387A /* Build configuration list for PBXProject "mbti" */ = {
			isa = XCConfigurationList;
			buildConfigurations = (
				4DF0D1F32B2C0CCD0065387A /* Debug */,
				4DF0D1F42B2C0CCD0065387A /* Release */,
			);
			defaultConfigurationIsVisible = 0;
			defaultConfigurationName = Release;
		};
		4DF0D1F52B2C0CCD0065387A /* Build configuration list for PBXNativeTarget "mbti" */ = {
			isa = XCConfigurationList;
			buildConfigurations = (
				4DF0D1F62B2C0CCD0065387A /* Debug */,
				4DF0D1F72B2C0CCD0065387A /* Release */,
			);
			defaultConfigurationIsVisible = 0;
			defaultConfigurationName = Release;
		};
/* End XCConfigurationList section */
	};
	rootObject = 4DF0D1DF2B2C0CCC0065387A /* Project object */;
}
